
Microsoft Visual Studio Solution File, Format Version 12.00
# Visual Studio Version 17
VisualStudioVersion = 17.0.31903.59
MinimumVisualStudioVersion = 10.0.40219.1
Project("{FAE04EC0-301F-11D3-BF4B-00C04F79EFBC}") = "employee_management", "employee_management.csproj", "{64D58FD3-3756-4F72-8826-616E8D15F416}"
EndProject
Global
	GlobalSection(SolutionConfigurationPlatforms) = preSolution
		Debug|Any CPU = Debug|Any CPU
		Release|Any CPU = Release|Any CPU
	EndGlobalSection
	GlobalSection(ProjectConfigurationPlatforms) = postSolution
		{64D58FD3-3756-4F72-8826-616E8D15F416}.Debug|Any CPU.ActiveCfg = Debug|Any CPU
		{64D58FD3-3756-4F72-8826-616E8D15F416}.Debug|Any CPU.Build.0 = Debug|Any CPU
		{64D58FD3-3756-4F72-8826-616E8D15F416}.Release|Any CPU.ActiveCfg = Release|Any CPU
		{64D58FD3-3756-4F72-8826-616E8D15F416}.Release|Any CPU.Build.0 = Release|Any CPU
	EndGlobalSection
	GlobalSection(SolutionProperties) = preSolution
		HideSolutionNode = FALSE
	EndGlobalSection
	GlobalSection(ExtensibilityGlobals) = postSolution
		SolutionGuid = {A55687DD-112F-470A-9719-9C6C5E0238DD}
	EndGlobalSection
EndGlobal
